# THIS IS AN AUTOGENERATED FILE. DO NOT EDIT THIS FILE DIRECTLY.
# yarn lockfile v1


"@babel/code-frame@^7.0.0":
  version "7.18.6"
  resolved "https://registry.npmjs.org/@babel/code-frame/-/code-frame-7.18.6.tgz"
  dependencies:
    "@babel/highlight" "^7.18.6"

"@babel/helper-module-imports@^7.16.7":
  version "7.22.5"
  resolved "https://registry.yarnpkg.com/@babel/helper-module-imports/-/helper-module-imports-7.22.5.tgz#1a8f4c9f4027d23f520bd76b364d44434a72660c"
  dependencies:
    "@babel/types" "^7.22.5"

"@babel/helper-string-parser@^7.22.5":
  version "7.22.5"
  resolved "https://registry.yarnpkg.com/@babel/helper-string-parser/-/helper-string-parser-7.22.5.tgz#533f36457a25814cf1df6488523ad547d784a99f"

"@babel/helper-validator-identifier@^7.18.6":
  version "7.18.6"
  resolved "https://registry.npmjs.org/@babel/helper-validator-identifier/-/helper-validator-identifier-7.18.6.tgz"

"@babel/helper-validator-identifier@^7.22.5":
  version "7.22.5"
  resolved "https://registry.yarnpkg.com/@babel/helper-validator-identifier/-/helper-validator-identifier-7.22.5.tgz#9544ef6a33999343c8740fa51350f30eeaaaf193"

"@babel/highlight@^7.18.6":
  version "7.18.6"
  resolved "https://registry.npmjs.org/@babel/highlight/-/highlight-7.18.6.tgz"
  dependencies:
    "@babel/helper-validator-identifier" "^7.18.6"
    chalk "^2.0.0"
    js-tokens "^4.0.0"

"@babel/runtime@^7.0.0", "@babel/runtime@^7.12.13", "@babel/runtime@^7.12.5", "@babel/runtime@^7.18.3":
  version "7.22.5"
  resolved "https://registry.yarnpkg.com/@babel/runtime/-/runtime-7.22.5.tgz#8564dd588182ce0047d55d7a75e93921107b57ec"
  dependencies:
    regenerator-runtime "^0.13.11"

"@babel/types@^7.22.5":
  version "7.22.5"
  resolved "https://registry.yarnpkg.com/@babel/types/-/types-7.22.5.tgz#cd93eeaab025880a3a47ec881f4b096a5b786fbe"
  dependencies:
    "@babel/helper-string-parser" "^7.22.5"
    "@babel/helper-validator-identifier" "^7.22.5"
    to-fast-properties "^2.0.0"

"@chakra-ui/accordion@1.3.5":
  version "1.3.5"
  resolved "https://registry.npmjs.org/@chakra-ui/accordion/-/accordion-1.3.5.tgz"
  dependencies:
    "@chakra-ui/descendant" "2.0.1"
    "@chakra-ui/hooks" "1.5.5"
    "@chakra-ui/icon" "1.1.11"
    "@chakra-ui/react-utils" "1.1.2"
    "@chakra-ui/transition" "1.3.4"
    "@chakra-ui/utils" "1.8.2"

"@chakra-ui/alert@1.2.7":
  version "1.2.7"
  resolved "https://registry.npmjs.org/@chakra-ui/alert/-/alert-1.2.7.tgz"
  dependencies:
    "@chakra-ui/icon" "1.1.11"
    "@chakra-ui/react-utils" "1.1.2"
    "@chakra-ui/utils" "1.8.2"

"@chakra-ui/avatar@1.2.8":
  version "1.2.8"
  resolved "https://registry.npmjs.org/@chakra-ui/avatar/-/avatar-1.2.8.tgz"
  dependencies:
    "@chakra-ui/image" "1.0.18"
    "@chakra-ui/react-utils" "1.1.2"
    "@chakra-ui/utils" "1.8.2"

"@chakra-ui/breadcrumb@1.2.8":
  version "1.2.8"
  resolved "https://registry.npmjs.org/@chakra-ui/breadcrumb/-/breadcrumb-1.2.8.tgz"
  dependencies:
    "@chakra-ui/react-utils" "1.1.2"
    "@chakra-ui/utils" "1.8.2"

"@chakra-ui/button@1.4.2":
  version "1.4.2"
  resolved "https://registry.npmjs.org/@chakra-ui/button/-/button-1.4.2.tgz"
  dependencies:
    "@chakra-ui/react-utils" "1.1.2"
    "@chakra-ui/spinner" "1.1.12"
    "@chakra-ui/utils" "1.8.2"

"@chakra-ui/checkbox@1.5.5":
  version "1.5.5"
  resolved "https://registry.npmjs.org/@chakra-ui/checkbox/-/checkbox-1.5.5.tgz"
  dependencies:
    "@chakra-ui/hooks" "1.5.5"
    "@chakra-ui/react-utils" "1.1.2"
    "@chakra-ui/utils" "1.8.2"
    "@chakra-ui/visually-hidden" "1.0.14"

"@chakra-ui/clickable@1.1.7":
  version "1.1.7"
  resolved "https://registry.npmjs.org/@chakra-ui/clickable/-/clickable-1.1.7.tgz"
  dependencies:
    "@chakra-ui/react-utils" "1.1.2"
    "@chakra-ui/utils" "1.8.2"

"@chakra-ui/close-button@1.1.11":
  version "1.1.11"
  resolved "https://registry.npmjs.org/@chakra-ui/close-button/-/close-button-1.1.11.tgz"
  dependencies:
    "@chakra-ui/icon" "1.1.11"
    "@chakra-ui/utils" "1.8.2"

"@chakra-ui/color-mode@1.1.11":
  version "1.1.11"
  resolved "https://registry.npmjs.org/@chakra-ui/color-mode/-/color-mode-1.1.11.tgz"
  dependencies:
    "@chakra-ui/hooks" "1.5.5"
    "@chakra-ui/utils" "1.8.2"

"@chakra-ui/control-box@1.0.15":
  version "1.0.15"
  resolved "https://registry.npmjs.org/@chakra-ui/control-box/-/control-box-1.0.15.tgz"
  dependencies:
    "@chakra-ui/utils" "1.8.2"

"@chakra-ui/counter@1.1.8":
  version "1.1.8"
  resolved "https://registry.npmjs.org/@chakra-ui/counter/-/counter-1.1.8.tgz"
  dependencies:
    "@chakra-ui/hooks" "1.5.5"
    "@chakra-ui/utils" "1.8.2"

"@chakra-ui/css-reset@1.0.0":
  version "1.0.0"
  resolved "https://registry.npmjs.org/@chakra-ui/css-reset/-/css-reset-1.0.0.tgz"

"@chakra-ui/descendant@2.0.1":
  version "2.0.1"
  resolved "https://registry.npmjs.org/@chakra-ui/descendant/-/descendant-2.0.1.tgz"
  dependencies:
    "@chakra-ui/react-utils" "^1.1.2"

"@chakra-ui/editable@1.2.8":
  version "1.2.8"
  resolved "https://registry.npmjs.org/@chakra-ui/editable/-/editable-1.2.8.tgz"
  dependencies:
    "@chakra-ui/hooks" "1.5.5"
    "@chakra-ui/react-utils" "1.1.2"
    "@chakra-ui/utils" "1.8.2"

"@chakra-ui/focus-lock@1.1.10":
  version "1.1.10"
  resolved "https://registry.npmjs.org/@chakra-ui/focus-lock/-/focus-lock-1.1.10.tgz"
  dependencies:
    "@chakra-ui/utils" "1.8.2"
    react-focus-lock "2.5.0"

"@chakra-ui/form-control@1.4.0":
  version "1.4.0"
  resolved "https://registry.npmjs.org/@chakra-ui/form-control/-/form-control-1.4.0.tgz"
  dependencies:
    "@chakra-ui/hooks" "1.5.5"
    "@chakra-ui/icon" "1.1.11"
    "@chakra-ui/react-utils" "1.1.2"
    "@chakra-ui/utils" "1.8.2"

"@chakra-ui/hooks@1.5.5":
  version "1.5.5"
  resolved "https://registry.npmjs.org/@chakra-ui/hooks/-/hooks-1.5.5.tgz"
  dependencies:
    "@chakra-ui/react-utils" "1.1.2"
    "@chakra-ui/utils" "1.8.2"
    compute-scroll-into-view "1.0.14"
    copy-to-clipboard "3.3.1"

"@chakra-ui/icon@1.1.11":
  version "1.1.11"
  resolved "https://registry.npmjs.org/@chakra-ui/icon/-/icon-1.1.11.tgz"
  dependencies:
    "@chakra-ui/utils" "1.8.2"

"@chakra-ui/image@1.0.18":
  version "1.0.18"
  resolved "https://registry.npmjs.org/@chakra-ui/image/-/image-1.0.18.tgz"
  dependencies:
    "@chakra-ui/hooks" "1.5.5"
    "@chakra-ui/utils" "1.8.2"

"@chakra-ui/input@1.2.9":
  version "1.2.9"
  resolved "https://registry.npmjs.org/@chakra-ui/input/-/input-1.2.9.tgz"
  dependencies:
    "@chakra-ui/form-control" "1.4.0"
    "@chakra-ui/react-utils" "1.1.2"
    "@chakra-ui/utils" "1.8.2"

"@chakra-ui/layout@1.4.8":
  version "1.4.8"
  resolved "https://registry.npmjs.org/@chakra-ui/layout/-/layout-1.4.8.tgz"
  dependencies:
    "@chakra-ui/icon" "1.1.11"
    "@chakra-ui/react-utils" "1.1.2"
    "@chakra-ui/utils" "1.8.2"

"@chakra-ui/live-region@1.0.14":
  version "1.0.14"
  resolved "https://registry.npmjs.org/@chakra-ui/live-region/-/live-region-1.0.14.tgz"
  dependencies:
    "@chakra-ui/utils" "1.8.2"

"@chakra-ui/media-query@1.1.2":
  version "1.1.2"
  resolved "https://registry.npmjs.org/@chakra-ui/media-query/-/media-query-1.1.2.tgz"
  dependencies:
    "@chakra-ui/react-env" "1.0.6"
    "@chakra-ui/utils" "1.8.2"

"@chakra-ui/menu@1.7.2":
  version "1.7.2"
  resolved "https://registry.npmjs.org/@chakra-ui/menu/-/menu-1.7.2.tgz"
  dependencies:
    "@chakra-ui/clickable" "1.1.7"
    "@chakra-ui/descendant" "2.0.1"
    "@chakra-ui/hooks" "1.5.5"
    "@chakra-ui/popper" "2.2.1"
    "@chakra-ui/react-utils" "1.1.2"
    "@chakra-ui/transition" "1.3.4"
    "@chakra-ui/utils" "1.8.2"

"@chakra-ui/modal@1.8.10":
  version "1.8.10"
  resolved "https://registry.npmjs.org/@chakra-ui/modal/-/modal-1.8.10.tgz"
  dependencies:
    "@chakra-ui/close-button" "1.1.11"
    "@chakra-ui/focus-lock" "1.1.10"
    "@chakra-ui/hooks" "1.5.5"
    "@chakra-ui/portal" "1.2.8"
    "@chakra-ui/react-utils" "1.1.2"
    "@chakra-ui/transition" "1.3.4"
    "@chakra-ui/utils" "1.8.2"
    aria-hidden "^1.1.1"
    react-remove-scroll "2.4.1"

"@chakra-ui/number-input@1.2.9":
  version "1.2.9"
  resolved "https://registry.npmjs.org/@chakra-ui/number-input/-/number-input-1.2.9.tgz"
  dependencies:
    "@chakra-ui/counter" "1.1.8"
    "@chakra-ui/form-control" "1.4.0"
    "@chakra-ui/hooks" "1.5.5"
    "@chakra-ui/icon" "1.1.11"
    "@chakra-ui/react-utils" "1.1.2"
    "@chakra-ui/utils" "1.8.2"

"@chakra-ui/pin-input@1.6.4":
  version "1.6.4"
  resolved "https://registry.npmjs.org/@chakra-ui/pin-input/-/pin-input-1.6.4.tgz"
  dependencies:
    "@chakra-ui/descendant" "2.0.1"
    "@chakra-ui/hooks" "1.5.5"
    "@chakra-ui/react-utils" "1.1.2"
    "@chakra-ui/utils" "1.8.2"

"@chakra-ui/popover@1.8.2":
  version "1.8.2"
  resolved "https://registry.npmjs.org/@chakra-ui/popover/-/popover-1.8.2.tgz"
  dependencies:
    "@chakra-ui/close-button" "1.1.11"
    "@chakra-ui/hooks" "1.5.5"
    "@chakra-ui/popper" "2.2.1"
    "@chakra-ui/react-utils" "1.1.2"
    "@chakra-ui/utils" "1.8.2"

"@chakra-ui/popper@2.2.1":
  version "2.2.1"
  resolved "https://registry.npmjs.org/@chakra-ui/popper/-/popper-2.2.1.tgz"
  dependencies:
    "@chakra-ui/react-utils" "1.1.2"
    "@popperjs/core" "2.4.4"

"@chakra-ui/portal@1.2.8":
  version "1.2.8"
  resolved "https://registry.npmjs.org/@chakra-ui/portal/-/portal-1.2.8.tgz"
  dependencies:
    "@chakra-ui/hooks" "1.5.5"
    "@chakra-ui/react-utils" "1.1.2"
    "@chakra-ui/utils" "1.8.2"

"@chakra-ui/progress@1.1.12":
  version "1.1.12"
  resolved "https://registry.npmjs.org/@chakra-ui/progress/-/progress-1.1.12.tgz"
  dependencies:
    "@chakra-ui/theme-tools" "1.1.9"
    "@chakra-ui/utils" "1.8.2"

"@chakra-ui/radio@1.3.9":
  version "1.3.9"
  resolved "https://registry.npmjs.org/@chakra-ui/radio/-/radio-1.3.9.tgz"
  dependencies:
    "@chakra-ui/form-control" "1.4.0"
    "@chakra-ui/hooks" "1.5.5"
    "@chakra-ui/react-utils" "1.1.2"
    "@chakra-ui/utils" "1.8.2"
    "@chakra-ui/visually-hidden" "1.0.14"

"@chakra-ui/react-env@1.0.6":
  version "1.0.6"
  resolved "https://registry.npmjs.org/@chakra-ui/react-env/-/react-env-1.0.6.tgz"
  dependencies:
    "@chakra-ui/utils" "1.8.2"

"@chakra-ui/react-utils@1.1.2", "@chakra-ui/react-utils@^1.1.2":
  version "1.1.2"
  resolved "https://registry.npmjs.org/@chakra-ui/react-utils/-/react-utils-1.1.2.tgz"
  dependencies:
    "@chakra-ui/utils" "^1.7.0"

"@chakra-ui/react@^1.6.6":
  version "1.6.6"
  resolved "https://registry.npmjs.org/@chakra-ui/react/-/react-1.6.6.tgz"
  dependencies:
    "@chakra-ui/accordion" "1.3.5"
    "@chakra-ui/alert" "1.2.7"
    "@chakra-ui/avatar" "1.2.8"
    "@chakra-ui/breadcrumb" "1.2.8"
    "@chakra-ui/button" "1.4.2"
    "@chakra-ui/checkbox" "1.5.5"
    "@chakra-ui/close-button" "1.1.11"
    "@chakra-ui/control-box" "1.0.15"
    "@chakra-ui/counter" "1.1.8"
    "@chakra-ui/css-reset" "1.0.0"
    "@chakra-ui/editable" "1.2.8"
    "@chakra-ui/form-control" "1.4.0"
    "@chakra-ui/hooks" "1.5.5"
    "@chakra-ui/icon" "1.1.11"
    "@chakra-ui/image" "1.0.18"
    "@chakra-ui/input" "1.2.9"
    "@chakra-ui/layout" "1.4.8"
    "@chakra-ui/live-region" "1.0.14"
    "@chakra-ui/media-query" "1.1.2"
    "@chakra-ui/menu" "1.7.2"
    "@chakra-ui/modal" "1.8.10"
    "@chakra-ui/number-input" "1.2.9"
    "@chakra-ui/pin-input" "1.6.4"
    "@chakra-ui/popover" "1.8.2"
    "@chakra-ui/popper" "2.2.1"
    "@chakra-ui/portal" "1.2.8"
    "@chakra-ui/progress" "1.1.12"
    "@chakra-ui/radio" "1.3.9"
    "@chakra-ui/react-env" "1.0.6"
    "@chakra-ui/select" "1.1.13"
    "@chakra-ui/skeleton" "1.1.17"
    "@chakra-ui/slider" "1.2.8"
    "@chakra-ui/spinner" "1.1.12"
    "@chakra-ui/stat" "1.1.12"
    "@chakra-ui/switch" "1.2.8"
    "@chakra-ui/system" "1.7.2"
    "@chakra-ui/table" "1.2.6"
    "@chakra-ui/tabs" "1.5.4"
    "@chakra-ui/tag" "1.1.12"
    "@chakra-ui/textarea" "1.1.13"
    "@chakra-ui/theme" "1.10.0"
    "@chakra-ui/toast" "1.2.10"
    "@chakra-ui/tooltip" "1.3.9"
    "@chakra-ui/transition" "1.3.4"
    "@chakra-ui/utils" "1.8.2"
    "@chakra-ui/visually-hidden" "1.0.14"

"@chakra-ui/select@1.1.13":
  version "1.1.13"
  resolved "https://registry.npmjs.org/@chakra-ui/select/-/select-1.1.13.tgz"
  dependencies:
    "@chakra-ui/form-control" "1.4.0"
    "@chakra-ui/utils" "1.8.2"

"@chakra-ui/skeleton@1.1.17":
  version "1.1.17"
  resolved "https://registry.npmjs.org/@chakra-ui/skeleton/-/skeleton-1.1.17.tgz"
  dependencies:
    "@chakra-ui/hooks" "1.5.5"
    "@chakra-ui/media-query" "1.1.2"
    "@chakra-ui/system" "1.7.2"
    "@chakra-ui/utils" "1.8.2"

"@chakra-ui/slider@1.2.8":
  version "1.2.8"
  resolved "https://registry.npmjs.org/@chakra-ui/slider/-/slider-1.2.8.tgz"
  dependencies:
    "@chakra-ui/hooks" "1.5.5"
    "@chakra-ui/react-utils" "1.1.2"
    "@chakra-ui/utils" "1.8.2"

"@chakra-ui/spinner@1.1.12":
  version "1.1.12"
  resolved "https://registry.npmjs.org/@chakra-ui/spinner/-/spinner-1.1.12.tgz"
  dependencies:
    "@chakra-ui/utils" "1.8.2"
    "@chakra-ui/visually-hidden" "1.0.14"

"@chakra-ui/stat@1.1.12":
  version "1.1.12"
  resolved "https://registry.npmjs.org/@chakra-ui/stat/-/stat-1.1.12.tgz"
  dependencies:
    "@chakra-ui/icon" "1.1.11"
    "@chakra-ui/utils" "1.8.2"
    "@chakra-ui/visually-hidden" "1.0.14"

"@chakra-ui/styled-system@1.12.2":
  version "1.12.2"
  resolved "https://registry.npmjs.org/@chakra-ui/styled-system/-/styled-system-1.12.2.tgz"
  dependencies:
    "@chakra-ui/utils" "1.8.2"
    csstype "^3.0.6"

"@chakra-ui/switch@1.2.8":
  version "1.2.8"
  resolved "https://registry.npmjs.org/@chakra-ui/switch/-/switch-1.2.8.tgz"
  dependencies:
    "@chakra-ui/checkbox" "1.5.5"
    "@chakra-ui/utils" "1.8.2"

"@chakra-ui/system@1.7.2":
  version "1.7.2"
  resolved "https://registry.npmjs.org/@chakra-ui/system/-/system-1.7.2.tgz"
  dependencies:
    "@chakra-ui/color-mode" "1.1.11"
    "@chakra-ui/react-utils" "1.1.2"
    "@chakra-ui/styled-system" "1.12.2"
    "@chakra-ui/utils" "1.8.2"
    react-fast-compare "3.2.0"

"@chakra-ui/table@1.2.6":
  version "1.2.6"
  resolved "https://registry.npmjs.org/@chakra-ui/table/-/table-1.2.6.tgz"
  dependencies:
    "@chakra-ui/utils" "1.8.2"

"@chakra-ui/tabs@1.5.4":
  version "1.5.4"
  resolved "https://registry.npmjs.org/@chakra-ui/tabs/-/tabs-1.5.4.tgz"
  dependencies:
    "@chakra-ui/clickable" "1.1.7"
    "@chakra-ui/descendant" "2.0.1"
    "@chakra-ui/hooks" "1.5.5"
    "@chakra-ui/react-utils" "1.1.2"
    "@chakra-ui/utils" "1.8.2"

"@chakra-ui/tag@1.1.12":
  version "1.1.12"
  resolved "https://registry.npmjs.org/@chakra-ui/tag/-/tag-1.1.12.tgz"
  dependencies:
    "@chakra-ui/icon" "1.1.11"
    "@chakra-ui/utils" "1.8.2"

"@chakra-ui/textarea@1.1.13":
  version "1.1.13"
  resolved "https://registry.npmjs.org/@chakra-ui/textarea/-/textarea-1.1.13.tgz"
  dependencies:
    "@chakra-ui/form-control" "1.4.0"
    "@chakra-ui/utils" "1.8.2"

"@chakra-ui/theme-tools@1.1.9":
  version "1.1.9"
  resolved "https://registry.npmjs.org/@chakra-ui/theme-tools/-/theme-tools-1.1.9.tgz"
  dependencies:
    "@chakra-ui/utils" "1.8.2"
    "@types/tinycolor2" "1.4.2"
    tinycolor2 "1.4.2"

"@chakra-ui/theme@1.10.0":
  version "1.10.0"
  resolved "https://registry.npmjs.org/@chakra-ui/theme/-/theme-1.10.0.tgz"
  dependencies:
    "@chakra-ui/theme-tools" "1.1.9"
    "@chakra-ui/utils" "1.8.2"

"@chakra-ui/toast@1.2.10":
  version "1.2.10"
  resolved "https://registry.npmjs.org/@chakra-ui/toast/-/toast-1.2.10.tgz"
  dependencies:
    "@chakra-ui/alert" "1.2.7"
    "@chakra-ui/close-button" "1.1.11"
    "@chakra-ui/hooks" "1.5.5"
    "@chakra-ui/theme" "1.10.0"
    "@chakra-ui/transition" "1.3.4"
    "@chakra-ui/utils" "1.8.2"
    "@reach/alert" "0.13.2"

"@chakra-ui/tooltip@1.3.9":
  version "1.3.9"
  resolved "https://registry.npmjs.org/@chakra-ui/tooltip/-/tooltip-1.3.9.tgz"
  dependencies:
    "@chakra-ui/hooks" "1.5.5"
    "@chakra-ui/popper" "2.2.1"
    "@chakra-ui/portal" "1.2.8"
    "@chakra-ui/react-utils" "1.1.2"
    "@chakra-ui/utils" "1.8.2"
    "@chakra-ui/visually-hidden" "1.0.14"

"@chakra-ui/transition@1.3.4":
  version "1.3.4"
  resolved "https://registry.npmjs.org/@chakra-ui/transition/-/transition-1.3.4.tgz"
  dependencies:
    "@chakra-ui/utils" "1.8.2"

"@chakra-ui/utils@1.8.2", "@chakra-ui/utils@^1.7.0":
  version "1.8.2"
  resolved "https://registry.npmjs.org/@chakra-ui/utils/-/utils-1.8.2.tgz"
  dependencies:
    "@types/lodash.mergewith" "4.6.6"
    css-box-model "1.2.1"
    framesync "5.3.0"
    lodash.mergewith "4.6.2"

"@chakra-ui/visually-hidden@1.0.14":
  version "1.0.14"
  resolved "https://registry.npmjs.org/@chakra-ui/visually-hidden/-/visually-hidden-1.0.14.tgz"
  dependencies:
    "@chakra-ui/utils" "1.8.2"

"@emotion/babel-plugin@^11.11.0":
  version "11.11.0"
  resolved "https://registry.yarnpkg.com/@emotion/babel-plugin/-/babel-plugin-11.11.0.tgz#c2d872b6a7767a9d176d007f5b31f7d504bb5d6c"
  dependencies:
    "@babel/helper-module-imports" "^7.16.7"
    "@babel/runtime" "^7.18.3"
    "@emotion/hash" "^0.9.1"
    "@emotion/memoize" "^0.8.1"
    "@emotion/serialize" "^1.1.2"
    babel-plugin-macros "^3.1.0"
    convert-source-map "^1.5.0"
    escape-string-regexp "^4.0.0"
    find-root "^1.1.0"
    source-map "^0.5.7"
    stylis "4.2.0"

"@emotion/cache@^11.11.0":
  version "11.11.0"
  resolved "https://registry.yarnpkg.com/@emotion/cache/-/cache-11.11.0.tgz#809b33ee6b1cb1a625fef7a45bc568ccd9b8f3ff"
  dependencies:
    "@emotion/memoize" "^0.8.1"
    "@emotion/sheet" "^1.2.2"
    "@emotion/utils" "^1.2.1"
    "@emotion/weak-memoize" "^0.3.1"
    stylis "4.2.0"

"@emotion/hash@^0.9.1":
  version "0.9.1"
  resolved "https://registry.yarnpkg.com/@emotion/hash/-/hash-0.9.1.tgz#4ffb0055f7ef676ebc3a5a91fb621393294e2f43"

"@emotion/is-prop-valid@^0.8.2":
  version "0.8.8"
  resolved "https://registry.npmjs.org/@emotion/is-prop-valid/-/is-prop-valid-0.8.8.tgz"
  dependencies:
    "@emotion/memoize" "0.7.4"

"@emotion/is-prop-valid@^1.2.1":
  version "1.2.1"
  resolved "https://registry.yarnpkg.com/@emotion/is-prop-valid/-/is-prop-valid-1.2.1.tgz#23116cf1ed18bfeac910ec6436561ecb1a3885cc"
  dependencies:
    "@emotion/memoize" "^0.8.1"

"@emotion/memoize@0.7.4":
  version "0.7.4"
  resolved "https://registry.npmjs.org/@emotion/memoize/-/memoize-0.7.4.tgz"

"@emotion/memoize@^0.8.1":
  version "0.8.1"
  resolved "https://registry.yarnpkg.com/@emotion/memoize/-/memoize-0.8.1.tgz#c1ddb040429c6d21d38cc945fe75c818cfb68e17"

"@emotion/react@^11.11.1":
  version "11.11.1"
  resolved "https://registry.yarnpkg.com/@emotion/react/-/react-11.11.1.tgz#b2c36afac95b184f73b08da8c214fdf861fa4157"
  dependencies:
    "@babel/runtime" "^7.18.3"
    "@emotion/babel-plugin" "^11.11.0"
    "@emotion/cache" "^11.11.0"
    "@emotion/serialize" "^1.1.2"
    "@emotion/use-insertion-effect-with-fallbacks" "^1.0.1"
    "@emotion/utils" "^1.2.1"
    "@emotion/weak-memoize" "^0.3.1"
    hoist-non-react-statics "^3.3.1"

"@emotion/serialize@^1.1.2":
  version "1.1.2"
  resolved "https://registry.yarnpkg.com/@emotion/serialize/-/serialize-1.1.2.tgz#017a6e4c9b8a803bd576ff3d52a0ea6fa5a62b51"
  dependencies:
    "@emotion/hash" "^0.9.1"
    "@emotion/memoize" "^0.8.1"
    "@emotion/unitless" "^0.8.1"
    "@emotion/utils" "^1.2.1"
    csstype "^3.0.2"

"@emotion/sheet@^1.2.2":
  version "1.2.2"
  resolved "https://registry.yarnpkg.com/@emotion/sheet/-/sheet-1.2.2.tgz#d58e788ee27267a14342303e1abb3d508b6d0fec"

"@emotion/styled@^11.11.0":
  version "11.11.0"
  resolved "https://registry.yarnpkg.com/@emotion/styled/-/styled-11.11.0.tgz#26b75e1b5a1b7a629d7c0a8b708fbf5a9cdce346"
  dependencies:
    "@babel/runtime" "^7.18.3"
    "@emotion/babel-plugin" "^11.11.0"
    "@emotion/is-prop-valid" "^1.2.1"
    "@emotion/serialize" "^1.1.2"
    "@emotion/use-insertion-effect-with-fallbacks" "^1.0.1"
    "@emotion/utils" "^1.2.1"

"@emotion/unitless@^0.8.1":
  version "0.8.1"
  resolved "https://registry.yarnpkg.com/@emotion/unitless/-/unitless-0.8.1.tgz#182b5a4704ef8ad91bde93f7a860a88fd92c79a3"

"@emotion/use-insertion-effect-with-fallbacks@^1.0.1":
  version "1.0.1"
  resolved "https://registry.yarnpkg.com/@emotion/use-insertion-effect-with-fallbacks/-/use-insertion-effect-with-fallbacks-1.0.1.tgz#08de79f54eb3406f9daaf77c76e35313da963963"

"@emotion/utils@^1.2.1":
  version "1.2.1"
  resolved "https://registry.yarnpkg.com/@emotion/utils/-/utils-1.2.1.tgz#bbab58465738d31ae4cb3dbb6fc00a5991f755e4"

"@emotion/weak-memoize@^0.3.1":
  version "0.3.1"
  resolved "https://registry.yarnpkg.com/@emotion/weak-memoize/-/weak-memoize-0.3.1.tgz#d0fce5d07b0620caa282b5131c297bb60f9d87e6"

"@next/env@12.1.0":
  version "12.1.0"
  resolved "https://registry.npmjs.org/@next/env/-/env-12.1.0.tgz"

"@next/swc-android-arm64@12.1.0":
  version "12.1.0"
  resolved "https://registry.yarnpkg.com/@next/swc-android-arm64/-/swc-android-arm64-12.1.0.tgz#865ba3a9afc204ff2bdeea49dd64d58705007a39"

"@next/swc-darwin-arm64@12.1.0":
  version "12.1.0"
  resolved "https://registry.yarnpkg.com/@next/swc-darwin-arm64/-/swc-darwin-arm64-12.1.0.tgz#08e8b411b8accd095009ed12efbc2f1d4d547135"

"@next/swc-darwin-x64@12.1.0":
  version "12.1.0"
  resolved "https://registry.yarnpkg.com/@next/swc-darwin-x64/-/swc-darwin-x64-12.1.0.tgz#fcd684497a76e8feaca88db3c394480ff0b007cd"

"@next/swc-linux-arm-gnueabihf@12.1.0":
  version "12.1.0"
  resolved "https://registry.yarnpkg.com/@next/swc-linux-arm-gnueabihf/-/swc-linux-arm-gnueabihf-12.1.0.tgz#9ec6380a27938a5799aaa6035c205b3c478468a7"

"@next/swc-linux-arm64-gnu@12.1.0":
  version "12.1.0"
  resolved "https://registry.yarnpkg.com/@next/swc-linux-arm64-gnu/-/swc-linux-arm64-gnu-12.1.0.tgz#7f4196dff1049cea479607c75b81033ae2dbd093"

"@next/swc-linux-arm64-musl@12.1.0":
  version "12.1.0"
  resolved "https://registry.yarnpkg.com/@next/swc-linux-arm64-musl/-/swc-linux-arm64-musl-12.1.0.tgz#b445f767569cdc2dddee785ca495e1a88c025566"

"@next/swc-linux-x64-gnu@12.1.0":
  version "12.1.0"
  resolved "https://registry.yarnpkg.com/@next/swc-linux-x64-gnu/-/swc-linux-x64-gnu-12.1.0.tgz#67610e9be4fbc987de7535f1bcb17e45fe12f90e"

"@next/swc-linux-x64-musl@12.1.0":
  version "12.1.0"
  resolved "https://registry.yarnpkg.com/@next/swc-linux-x64-musl/-/swc-linux-x64-musl-12.1.0.tgz#ea19a23db08a9f2e34ac30401f774cf7d1669d31"

"@next/swc-win32-arm64-msvc@12.1.0":
  version "12.1.0"
  resolved "https://registry.yarnpkg.com/@next/swc-win32-arm64-msvc/-/swc-win32-arm64-msvc-12.1.0.tgz#eadf054fc412085659b98e145435bbba200b5283"

"@next/swc-win32-ia32-msvc@12.1.0":
  version "12.1.0"
  resolved "https://registry.yarnpkg.com/@next/swc-win32-ia32-msvc/-/swc-win32-ia32-msvc-12.1.0.tgz#68faeae10c89f698bf9d28759172b74c9c21bda1"

"@next/swc-win32-x64-msvc@12.1.0":
  version "12.1.0"
  resolved "https://registry.npmjs.org/@next/swc-win32-x64-msvc/-/swc-win32-x64-msvc-12.1.0.tgz"

"@popperjs/core@2.4.4":
  version "2.4.4"
  resolved "https://registry.npmjs.org/@popperjs/core/-/core-2.4.4.tgz"

"@reach/alert@0.13.2":
  version "0.13.2"
  resolved "https://registry.npmjs.org/@reach/alert/-/alert-0.13.2.tgz"
  dependencies:
    "@reach/utils" "0.13.2"
    "@reach/visually-hidden" "0.13.2"
    prop-types "^15.7.2"
    tslib "^2.1.0"

"@reach/utils@0.13.2":
  version "0.13.2"
  resolved "https://registry.npmjs.org/@reach/utils/-/utils-0.13.2.tgz"
  dependencies:
    "@types/warning" "^3.0.0"
    tslib "^2.1.0"
    warning "^4.0.3"

"@reach/visually-hidden@0.13.2":
  version "0.13.2"
  resolved "https://registry.npmjs.org/@reach/visually-hidden/-/visually-hidden-0.13.2.tgz"
  dependencies:
    prop-types "^15.7.2"
    tslib "^2.1.0"

"@types/lodash.mergewith@4.6.6":
  version "4.6.6"
  resolved "https://registry.npmjs.org/@types/lodash.mergewith/-/lodash.mergewith-4.6.6.tgz"
  dependencies:
    "@types/lodash" "*"

"@types/lodash@*":
  version "4.14.172"
  resolved "https://registry.npmjs.org/@types/lodash/-/lodash-4.14.172.tgz"

"@types/node@^15.14.7":
  version "15.14.7"
  resolved "https://registry.npmjs.org/@types/node/-/node-15.14.7.tgz"

"@types/parse-json@^4.0.0":
  version "4.0.0"
  resolved "https://registry.npmjs.org/@types/parse-json/-/parse-json-4.0.0.tgz"

"@types/prop-types@*":
  version "15.7.4"
  resolved "https://registry.npmjs.org/@types/prop-types/-/prop-types-15.7.4.tgz"

"@types/react-dom@^17.0.9":
  version "17.0.9"
  resolved "https://registry.npmjs.org/@types/react-dom/-/react-dom-17.0.9.tgz"
  dependencies:
    "@types/react" "*"

"@types/react@*", "@types/react@^17.0.16":
  version "17.0.16"
  resolved "https://registry.npmjs.org/@types/react/-/react-17.0.16.tgz"
  dependencies:
    "@types/prop-types" "*"
    "@types/scheduler" "*"
    csstype "^3.0.2"

"@types/scheduler@*":
  version "0.16.2"
  resolved "https://registry.npmjs.org/@types/scheduler/-/scheduler-0.16.2.tgz"

"@types/tinycolor2@1.4.2":
  version "1.4.2"
  resolved "https://registry.npmjs.org/@types/tinycolor2/-/tinycolor2-1.4.2.tgz"

"@types/warning@^3.0.0":
  version "3.0.0"
  resolved "https://registry.npmjs.org/@types/warning/-/warning-3.0.0.tgz"

ansi-styles@^3.2.1:
  version "3.2.1"
  resolved "https://registry.npmjs.org/ansi-styles/-/ansi-styles-3.2.1.tgz"
  dependencies:
    color-convert "^1.9.0"

aria-hidden@^1.1.1:
  version "1.1.3"
  resolved "https://registry.npmjs.org/aria-hidden/-/aria-hidden-1.1.3.tgz"
  dependencies:
    tslib "^1.0.0"

babel-plugin-macros@^3.1.0:
  version "3.1.0"
  resolved "https://registry.yarnpkg.com/babel-plugin-macros/-/babel-plugin-macros-3.1.0.tgz#9ef6dc74deb934b4db344dc973ee851d148c50c1"
  dependencies:
    "@babel/runtime" "^7.12.5"
    cosmiconfig "^7.0.0"
    resolve "^1.19.0"

callsites@^3.0.0:
  version "3.1.0"
  resolved "https://registry.npmjs.org/callsites/-/callsites-3.1.0.tgz"

caniuse-lite@^1.0.30001283:
  version "1.0.30001384"
  resolved "https://registry.npmjs.org/caniuse-lite/-/caniuse-lite-1.0.30001384.tgz"

chalk@^2.0.0:
  version "2.4.2"
  resolved "https://registry.npmjs.org/chalk/-/chalk-2.4.2.tgz"
  dependencies:
    ansi-styles "^3.2.1"
    escape-string-regexp "^1.0.5"
    supports-color "^5.3.0"

color-convert@^1.9.0:
  version "1.9.3"
  resolved "https://registry.npmjs.org/color-convert/-/color-convert-1.9.3.tgz"
  dependencies:
    color-name "1.1.3"

color-name@1.1.3:
  version "1.1.3"
  resolved "https://registry.npmjs.org/color-name/-/color-name-1.1.3.tgz"

compute-scroll-into-view@1.0.14:
  version "1.0.14"
  resolved "https://registry.npmjs.org/compute-scroll-into-view/-/compute-scroll-into-view-1.0.14.tgz"

convert-source-map@^1.5.0:
  version "1.8.0"
  resolved "https://registry.npmjs.org/convert-source-map/-/convert-source-map-1.8.0.tgz"
  dependencies:
    safe-buffer "~5.1.1"

copy-to-clipboard@3.3.1:
  version "3.3.1"
  resolved "https://registry.npmjs.org/copy-to-clipboard/-/copy-to-clipboard-3.3.1.tgz"
  dependencies:
    toggle-selection "^1.0.6"

cosmiconfig@^7.0.0:
  version "7.1.0"
  resolved "https://registry.yarnpkg.com/cosmiconfig/-/cosmiconfig-7.1.0.tgz#1443b9afa596b670082ea46cbd8f6a62b84635f6"
  dependencies:
    "@types/parse-json" "^4.0.0"
    import-fresh "^3.2.1"
    parse-json "^5.0.0"
    path-type "^4.0.0"
    yaml "^1.10.0"

css-box-model@1.2.1:
  version "1.2.1"
  resolved "https://registry.npmjs.org/css-box-model/-/css-box-model-1.2.1.tgz"
  dependencies:
    tiny-invariant "^1.0.6"

csstype@^3.0.2, csstype@^3.0.6:
  version "3.0.8"
  resolved "https://registry.npmjs.org/csstype/-/csstype-3.0.8.tgz"

detect-node-es@^1.1.0:
  version "1.1.0"
  resolved "https://registry.npmjs.org/detect-node-es/-/detect-node-es-1.1.0.tgz"

error-ex@^1.3.1:
  version "1.3.2"
  resolved "https://registry.npmjs.org/error-ex/-/error-ex-1.3.2.tgz"
  dependencies:
    is-arrayish "^0.2.1"

escape-string-regexp@^1.0.5:
  version "1.0.5"
  resolved "https://registry.npmjs.org/escape-string-regexp/-/escape-string-regexp-1.0.5.tgz"

escape-string-regexp@^4.0.0:
  version "4.0.0"
  resolved "https://registry.npmjs.org/escape-string-regexp/-/escape-string-regexp-4.0.0.tgz"

find-root@^1.1.0:
  version "1.1.0"
  resolved "https://registry.npmjs.org/find-root/-/find-root-1.1.0.tgz"

focus-lock@^0.8.1:
  version "0.8.1"
  resolved "https://registry.npmjs.org/focus-lock/-/focus-lock-0.8.1.tgz"
  dependencies:
    tslib "^1.9.3"

focus-visible@^5.2.0:
  version "5.2.0"
  resolved "https://registry.npmjs.org/focus-visible/-/focus-visible-5.2.0.tgz"

framer-motion@^4.1.17:
  version "4.1.17"
  resolved "https://registry.npmjs.org/framer-motion/-/framer-motion-4.1.17.tgz"
  dependencies:
    framesync "5.3.0"
    hey-listen "^1.0.8"
    popmotion "9.3.6"
    style-value-types "4.1.4"
    tslib "^2.1.0"
  optionalDependencies:
    "@emotion/is-prop-valid" "^0.8.2"

framesync@5.3.0:
  version "5.3.0"
  resolved "https://registry.npmjs.org/framesync/-/framesync-5.3.0.tgz"
  dependencies:
    tslib "^2.1.0"

function-bind@^1.1.1:
  version "1.1.1"
  resolved "https://registry.npmjs.org/function-bind/-/function-bind-1.1.1.tgz"

get-nonce@^1.0.0:
  version "1.0.1"
  resolved "https://registry.npmjs.org/get-nonce/-/get-nonce-1.0.1.tgz"

has-flag@^3.0.0:
  version "3.0.0"
  resolved "https://registry.npmjs.org/has-flag/-/has-flag-3.0.0.tgz"

has@^1.0.3:
  version "1.0.3"
  resolved "https://registry.npmjs.org/has/-/has-1.0.3.tgz"
  dependencies:
    function-bind "^1.1.1"

hey-listen@^1.0.8:
  version "1.0.8"
  resolved "https://registry.npmjs.org/hey-listen/-/hey-listen-1.0.8.tgz"

hoist-non-react-statics@^3.3.1:
  version "3.3.2"
  resolved "https://registry.npmjs.org/hoist-non-react-statics/-/hoist-non-react-statics-3.3.2.tgz"
  dependencies:
    react-is "^16.7.0"

import-fresh@^3.2.1:
  version "3.3.0"
  resolved "https://registry.yarnpkg.com/import-fresh/-/import-fresh-3.3.0.tgz#37162c25fcb9ebaa2e6e53d5b4d88ce17d9e0c2b"
  dependencies:
    parent-module "^1.0.0"
    resolve-from "^4.0.0"

inter-ui@^3.19.3:
  version "3.19.3"
  resolved "https://registry.npmjs.org/inter-ui/-/inter-ui-3.19.3.tgz"

invariant@^2.2.4:
  version "2.2.4"
  resolved "https://registry.npmjs.org/invariant/-/invariant-2.2.4.tgz"
  dependencies:
    loose-envify "^1.0.0"

is-arrayish@^0.2.1:
  version "0.2.1"
  resolved "https://registry.npmjs.org/is-arrayish/-/is-arrayish-0.2.1.tgz"

is-core-module@^2.11.0:
  version "2.12.1"
  resolved "https://registry.yarnpkg.com/is-core-module/-/is-core-module-2.12.1.tgz#0c0b6885b6f80011c71541ce15c8d66cf5a4f9fd"
  dependencies:
    has "^1.0.3"

"js-tokens@^3.0.0 || ^4.0.0", js-tokens@^4.0.0:
  version "4.0.0"
  resolved "https://registry.npmjs.org/js-tokens/-/js-tokens-4.0.0.tgz"

json-parse-even-better-errors@^2.3.0:
  version "2.3.1"
  resolved "https://registry.npmjs.org/json-parse-even-better-errors/-/json-parse-even-better-errors-2.3.1.tgz"

lines-and-columns@^1.1.6:
  version "1.1.6"
  resolved "https://registry.npmjs.org/lines-and-columns/-/lines-and-columns-1.1.6.tgz"

lodash.mergewith@4.6.2:
  version "4.6.2"
  resolved "https://registry.npmjs.org/lodash.mergewith/-/lodash.mergewith-4.6.2.tgz"

loose-envify@^1.0.0, loose-envify@^1.1.0, loose-envify@^1.4.0:
  version "1.4.0"
  resolved "https://registry.npmjs.org/loose-envify/-/loose-envify-1.4.0.tgz"
  dependencies:
    js-tokens "^3.0.0 || ^4.0.0"

nanoid@^3.1.30:
  version "3.3.1"
  resolved "https://registry.npmjs.org/nanoid/-/nanoid-3.3.1.tgz"

next@^12.1.0:
  version "12.1.0"
  resolved "https://registry.npmjs.org/next/-/next-12.1.0.tgz"
  dependencies:
    "@next/env" "12.1.0"
    caniuse-lite "^1.0.30001283"
    postcss "8.4.5"
    styled-jsx "5.0.0"
    use-subscription "1.5.1"
  optionalDependencies:
    "@next/swc-android-arm64" "12.1.0"
    "@next/swc-darwin-arm64" "12.1.0"
    "@next/swc-darwin-x64" "12.1.0"
    "@next/swc-linux-arm-gnueabihf" "12.1.0"
    "@next/swc-linux-arm64-gnu" "12.1.0"
    "@next/swc-linux-arm64-musl" "12.1.0"
    "@next/swc-linux-x64-gnu" "12.1.0"
    "@next/swc-linux-x64-musl" "12.1.0"
    "@next/swc-win32-arm64-msvc" "12.1.0"
    "@next/swc-win32-ia32-msvc" "12.1.0"
    "@next/swc-win32-x64-msvc" "12.1.0"

node-bin-setup@^1.0.0:
  version "1.1.0"
  resolved "https://registry.npmjs.org/node-bin-setup/-/node-bin-setup-1.1.0.tgz"

node@^16.17.0:
  version "16.17.0"
  resolved "https://registry.npmjs.org/node/-/node-16.17.0.tgz"
  dependencies:
    node-bin-setup "^1.0.0"

object-assign@^4.1.1:
  version "4.1.1"
  resolved "https://registry.npmjs.org/object-assign/-/object-assign-4.1.1.tgz"

parent-module@^1.0.0:
  version "1.0.1"
  resolved "https://registry.npmjs.org/parent-module/-/parent-module-1.0.1.tgz"
  dependencies:
    callsites "^3.0.0"

parse-json@^5.0.0:
  version "5.2.0"
  resolved "https://registry.npmjs.org/parse-json/-/parse-json-5.2.0.tgz"
  dependencies:
    "@babel/code-frame" "^7.0.0"
    error-ex "^1.3.1"
    json-parse-even-better-errors "^2.3.0"
    lines-and-columns "^1.1.6"

path-parse@^1.0.7:
  version "1.0.7"
  resolved "https://registry.yarnpkg.com/path-parse/-/path-parse-1.0.7.tgz#fbc114b60ca42b30d9daf5858e4bd68bbedb6735"

path-type@^4.0.0:
  version "4.0.0"
  resolved "https://registry.npmjs.org/path-type/-/path-type-4.0.0.tgz"

picocolors@^1.0.0:
  version "1.0.0"
  resolved "https://registry.npmjs.org/picocolors/-/picocolors-1.0.0.tgz"

popmotion@9.3.6:
  version "9.3.6"
  resolved "https://registry.npmjs.org/popmotion/-/popmotion-9.3.6.tgz"
  dependencies:
    framesync "5.3.0"
    hey-listen "^1.0.8"
    style-value-types "4.1.4"
    tslib "^2.1.0"

postcss@8.4.5:
  version "8.4.5"
  resolved "https://registry.npmjs.org/postcss/-/postcss-8.4.5.tgz"
  dependencies:
    nanoid "^3.1.30"
    picocolors "^1.0.0"
    source-map-js "^1.0.1"

prettier@^2.3.2:
  version "2.3.2"
  resolved "https://registry.npmjs.org/prettier/-/prettier-2.3.2.tgz"

prop-types@^15.6.2, prop-types@^15.7.2:
  version "15.7.2"
  resolved "https://registry.npmjs.org/prop-types/-/prop-types-15.7.2.tgz"
  dependencies:
    loose-envify "^1.4.0"
    object-assign "^4.1.1"
    react-is "^16.8.1"

react-clientside-effect@^1.2.2:
  version "1.2.5"
  resolved "https://registry.npmjs.org/react-clientside-effect/-/react-clientside-effect-1.2.5.tgz"
  dependencies:
    "@babel/runtime" "^7.12.13"

react-dom@^17.0.2:
  version "17.0.2"
  resolved "https://registry.npmjs.org/react-dom/-/react-dom-17.0.2.tgz"
  dependencies:
    loose-envify "^1.1.0"
    object-assign "^4.1.1"
    scheduler "^0.20.2"

react-fast-compare@3.2.0:
  version "3.2.0"
  resolved "https://registry.npmjs.org/react-fast-compare/-/react-fast-compare-3.2.0.tgz"

react-focus-lock@2.5.0:
  version "2.5.0"
  resolved "https://registry.npmjs.org/react-focus-lock/-/react-focus-lock-2.5.0.tgz"
  dependencies:
    "@babel/runtime" "^7.0.0"
    focus-lock "^0.8.1"
    prop-types "^15.6.2"
    react-clientside-effect "^1.2.2"
    use-callback-ref "^1.2.1"
    use-sidecar "^1.0.1"

react-icons@^4.2.0:
  version "4.2.0"
  resolved "https://registry.npmjs.org/react-icons/-/react-icons-4.2.0.tgz"

react-is@^16.7.0, react-is@^16.8.1:
  version "16.13.1"
  resolved "https://registry.npmjs.org/react-is/-/react-is-16.13.1.tgz"

react-remove-scroll-bar@^2.1.0:
  version "2.2.0"
  resolved "https://registry.npmjs.org/react-remove-scroll-bar/-/react-remove-scroll-bar-2.2.0.tgz"
  dependencies:
    react-style-singleton "^2.1.0"
    tslib "^1.0.0"

react-remove-scroll@2.4.1:
  version "2.4.1"
  resolved "https://registry.npmjs.org/react-remove-scroll/-/react-remove-scroll-2.4.1.tgz"
  dependencies:
    react-remove-scroll-bar "^2.1.0"
    react-style-singleton "^2.1.0"
    tslib "^1.0.0"
    use-callback-ref "^1.2.3"
    use-sidecar "^1.0.1"

react-style-singleton@^2.1.0:
  version "2.1.1"
  resolved "https://registry.npmjs.org/react-style-singleton/-/react-style-singleton-2.1.1.tgz"
  dependencies:
    get-nonce "^1.0.0"
    invariant "^2.2.4"
    tslib "^1.0.0"

react@^17.0.2:
  version "17.0.2"
  resolved "https://registry.npmjs.org/react/-/react-17.0.2.tgz"
  dependencies:
    loose-envify "^1.1.0"
    object-assign "^4.1.1"

regenerator-runtime@^0.13.11:
  version "0.13.11"
  resolved "https://registry.yarnpkg.com/regenerator-runtime/-/regenerator-runtime-0.13.11.tgz#f6dca3e7ceec20590d07ada785636a90cdca17f9"

resolve-from@^4.0.0:
  version "4.0.0"
  resolved "https://registry.npmjs.org/resolve-from/-/resolve-from-4.0.0.tgz"

resolve@^1.19.0:
  version "1.22.2"
  resolved "https://registry.yarnpkg.com/resolve/-/resolve-1.22.2.tgz#0ed0943d4e301867955766c9f3e1ae6d01c6845f"
  dependencies:
    is-core-module "^2.11.0"
    path-parse "^1.0.7"
    supports-preserve-symlinks-flag "^1.0.0"

safe-buffer@~5.1.1:
  version "5.1.2"
  resolved "https://registry.npmjs.org/safe-buffer/-/safe-buffer-5.1.2.tgz"

scheduler@^0.20.2:
  version "0.20.2"
  resolved "https://registry.npmjs.org/scheduler/-/scheduler-0.20.2.tgz"
  dependencies:
    loose-envify "^1.1.0"
    object-assign "^4.1.1"

source-map-js@^1.0.1:
  version "1.0.2"
  resolved "https://registry.npmjs.org/source-map-js/-/source-map-js-1.0.2.tgz"

source-map@^0.5.7:
  version "0.5.7"
  resolved "https://registry.npmjs.org/source-map/-/source-map-0.5.7.tgz"

style-value-types@4.1.4:
  version "4.1.4"
  resolved "https://registry.npmjs.org/style-value-types/-/style-value-types-4.1.4.tgz"
  dependencies:
    hey-listen "^1.0.8"
    tslib "^2.1.0"

styled-jsx@5.0.0:
  version "5.0.0"
  resolved "https://registry.npmjs.org/styled-jsx/-/styled-jsx-5.0.0.tgz"

stylis@4.2.0:
  version "4.2.0"
  resolved "https://registry.yarnpkg.com/stylis/-/stylis-4.2.0.tgz#79daee0208964c8fe695a42fcffcac633a211a51"

supports-color@^5.3.0:
  version "5.5.0"
  resolved "https://registry.npmjs.org/supports-color/-/supports-color-5.5.0.tgz"
  dependencies:
    has-flag "^3.0.0"

supports-preserve-symlinks-flag@^1.0.0:
  version "1.0.0"
  resolved "https://registry.yarnpkg.com/supports-preserve-symlinks-flag/-/supports-preserve-symlinks-flag-1.0.0.tgz#6eda4bd344a3c94aea376d4cc31bc77311039e09"

tiny-invariant@^1.0.6:
  version "1.1.0"
  resolved "https://registry.npmjs.org/tiny-invariant/-/tiny-invariant-1.1.0.tgz"

tinycolor2@1.4.2:
  version "1.4.2"
  resolved "https://registry.npmjs.org/tinycolor2/-/tinycolor2-1.4.2.tgz"

to-fast-properties@^2.0.0:
  version "2.0.0"
  resolved "https://registry.npmjs.org/to-fast-properties/-/to-fast-properties-2.0.0.tgz"

toggle-selection@^1.0.6:
  version "1.0.6"
  resolved "https://registry.npmjs.org/toggle-selection/-/toggle-selection-1.0.6.tgz"

tslib@^1.0.0, tslib@^1.9.3:
  version "1.14.1"
  resolved "https://registry.npmjs.org/tslib/-/tslib-1.14.1.tgz"

tslib@^2.1.0:
  version "2.3.0"
  resolved "https://registry.npmjs.org/tslib/-/tslib-2.3.0.tgz"

typescript@^4.3.2:
  version "4.3.2"
  resolved "https://registry.npmjs.org/typescript/-/typescript-4.3.2.tgz"

use-callback-ref@^1.2.1, use-callback-ref@^1.2.3:
  version "1.2.5"
  resolved "https://registry.npmjs.org/use-callback-ref/-/use-callback-ref-1.2.5.tgz"

use-sidecar@^1.0.1:
  version "1.0.5"
  resolved "https://registry.npmjs.org/use-sidecar/-/use-sidecar-1.0.5.tgz"
  dependencies:
    detect-node-es "^1.1.0"
    tslib "^1.9.3"

use-subscription@1.5.1:
  version "1.5.1"
  resolved "https://registry.npmjs.org/use-subscription/-/use-subscription-1.5.1.tgz"
  dependencies:
    object-assign "^4.1.1"

warning@^4.0.3:
  version "4.0.3"
  resolved "https://registry.npmjs.org/warning/-/warning-4.0.3.tgz"
  dependencies:
    loose-envify "^1.0.0"

yaml@^1.10.0:
  version "1.10.2"
  resolved "https://registry.yarnpkg.com/yaml/-/yaml-1.10.2.tgz#2301c5ffbf12b467de8da2333a459e29e7920e4b"
